// !$*UTF8*$!
{
	archiveVersion = 1;
	classes = {
	};
	objectVersion = 56;
	objects = {

/* Begin PBXBuildFile section */
		BD9048F42BC0140A005C30BD /* SurveyViewModel.swift in Sources */ = {isa = PBXBuildFile; fileRef = BD9048F32BC0140A005C30BD /* SurveyViewModel.swift */; };
		BD9048F62BC0146B005C30BD /* Question.swift in Sources */ = {isa = PBXBuildFile; fileRef = BD9048F52BC0146B005C30BD /* Question.swift */; };
		BD9048F92BC59736005C30BD /* SimpleToast in Frameworks */ = {isa = PBXBuildFile; productRef = BD9048F82BC59736005C30BD /* SimpleToast */; };
		BDCCCDD52BBD971F009EDAE2 /* Survey_AppApp.swift in Sources */ = {isa = PBXBuildFile; fileRef = BDCCCDD42BBD971F009EDAE2 /* Survey_AppApp.swift */; };
		BDCCCDD72BBD971F009EDAE2 /* ContentView.swift in Sources */ = {isa = PBXBuildFile; fileRef = BDCCCDD62BBD971F009EDAE2 /* ContentView.swift */; };
		BDCCCDD92BBD9720009EDAE2 /* Assets.xcassets in Resources */ = {isa = PBXBuildFile; fileRef = BDCCCDD82BBD9720009EDAE2 /* Assets.xcassets */; };
		BDCCCDDC2BBD9720009EDAE2 /* Preview Assets.xcassets in Resources */ = {isa = PBXBuildFile; fileRef = BDCCCDDB2BBD9720009EDAE2 /* Preview Assets.xcassets */; };
		BDCCCDE62BBD9720009EDAE2 /* Survey_AppTests.swift in Sources */ = {isa = PBXBuildFile; fileRef = BDCCCDE52BBD9720009EDAE2 /* Survey_AppTests.swift */; };
		BDCCCDF02BBD9720009EDAE2 /* Survey_AppUITests.swift in Sources */ = {isa = PBXBuildFile; fileRef = BDCCCDEF2BBD9720009EDAE2 /* Survey_AppUITests.swift */; };
		BDCCCDF22BBD9720009EDAE2 /* Survey_AppUITestsLaunchTests.swift in Sources */ = {isa = PBXBuildFile; fileRef = BDCCCDF12BBD9720009EDAE2 /* Survey_AppUITestsLaunchTests.swift */; };
/* End PBXBuildFile section */

/* Begin PBXContainerItemProxy section */
		BDCCCDE22BBD9720009EDAE2 /* PBXContainerItemProxy */ = {
			isa = PBXContainerItemProxy;
			containerPortal = BDCCCDC92BBD971F009EDAE2 /* Project object */;
			proxyType = 1;
			remoteGlobalIDString = BDCCCDD02BBD971F009EDAE2;
			remoteInfo = "Survey App";
		};
		BDCCCDEC2BBD9720009EDAE2 /* PBXContainerItemProxy */ = {
			isa = PBXContainerItemProxy;
			containerPortal = BDCCCDC92BBD971F009EDAE2 /* Project object */;
			proxyType = 1;
			remoteGlobalIDString = BDCCCDD02BBD971F009EDAE2;
			remoteInfo = "Survey App";
		};
/* End PBXContainerItemProxy section */

/* Begin PBXFileReference section */
		BD9048F32BC0140A005C30BD /* SurveyViewModel.swift */ = {isa = PBXFileReference; lastKnownFileType = sourcecode.swift; path = SurveyViewModel.swift; sourceTree = "<group>"; };
		BD9048F52BC0146B005C30BD /* Question.swift */ = {isa = PBXFileReference; lastKnownFileType = sourcecode.swift; path = Question.swift; sourceTree = "<group>"; };
		BDCCCDD12BBD971F009EDAE2 /* Survey App.app */ = {isa = PBXFileReference; explicitFileType = wrapper.application; includeInIndex = 0; path = "Survey App.app"; sourceTree = BUILT_PRODUCTS_DIR; };
		BDCCCDD42BBD971F009EDAE2 /* Survey_AppApp.swift */ = {isa = PBXFileReference; lastKnownFileType = sourcecode.swift; path = Survey_AppApp.swift; sourceTree = "<group>"; };
		BDCCCDD62BBD971F009EDAE2 /* ContentView.swift */ = {isa = PBXFileReference; lastKnownFileType = sourcecode.swift; path = ContentView.swift; sourceTree = "<group>"; };
		BDCCCDD82BBD9720009EDAE2 /* Assets.xcassets */ = {isa = PBXFileReference; lastKnownFileType = folder.assetcatalog; path = Assets.xcassets; sourceTree = "<group>"; };
		BDCCCDDB2BBD9720009EDAE2 /* Preview Assets.xcassets */ = {isa = PBXFileReference; lastKnownFileType = folder.assetcatalog; path = "Preview Assets.xcassets"; sourceTree = "<group>"; };
		BDCCCDE12BBD9720009EDAE2 /* Survey AppTests.xctest */ = {isa = PBXFileReference; explicitFileType = wrapper.cfbundle; includeInIndex = 0; path = "Survey AppTests.xctest"; sourceTree = BUILT_PRODUCTS_DIR; };
		BDCCCDE52BBD9720009EDAE2 /* Survey_AppTests.swift */ = {isa = PBXFileReference; lastKnownFileType = sourcecode.swift; path = Survey_AppTests.swift; sourceTree = "<group>"; };
		BDCCCDEB2BBD9720009EDAE2 /* Survey AppUITests.xctest */ = {isa = PBXFileReference; explicitFileType = wrapper.cfbundle; includeInIndex = 0; path = "Survey AppUITests.xctest"; sourceTree = BUILT_PRODUCTS_DIR; };
		BDCCCDEF2BBD9720009EDAE2 /* Survey_AppUITests.swift */ = {isa = PBXFileReference; lastKnownFileType = sourcecode.swift; path = Survey_AppUITests.swift; sourceTree = "<group>"; };
		BDCCCDF12BBD9720009EDAE2 /* Survey_AppUITestsLaunchTests.swift */ = {isa = PBXFileReference; lastKnownFileType = sourcecode.swift; path = Survey_AppUITestsLaunchTests.swift; sourceTree = "<group>"; };
/* End PBXFileReference section */

/* Begin PBXFrameworksBuildPhase section */
		BDCCCDCE2BBD971F009EDAE2 /* Frameworks */ = {
			isa = PBXFrameworksBuildPhase;
			buildActionMask = 2147483647;
			files = (
				BD9048F92BC59736005C30BD /* SimpleToast in Frameworks */,
			);
			runOnlyForDeploymentPostprocessing = 0;
		};
		BDCCCDDE2BBD9720009EDAE2 /* Frameworks */ = {
			isa = PBXFrameworksBuildPhase;
			buildActionMask = 2147483647;
			files = (
			);
			runOnlyForDeploymentPostprocessing = 0;
		};
		BDCCCDE82BBD9720009EDAE2 /* Frameworks */ = {
			isa = PBXFrameworksBuildPhase;
			buildActionMask = 2147483647;
			files = (
			);
			runOnlyForDeploymentPostprocessing = 0;
		};
/* End PBXFrameworksBuildPhase section */

/* Begin PBXGroup section */
		BDCCCDC82BBD971F009EDAE2 = {
			isa = PBXGroup;
			children = (
				BDCCCDD32BBD971F009EDAE2 /* Survey App */,
				BDCCCDE42BBD9720009EDAE2 /* Survey AppTests */,
				BDCCCDEE2BBD9720009EDAE2 /* Survey AppUITests */,
				BDCCCDD22BBD971F009EDAE2 /* Products */,
			);
			sourceTree = "<group>";
		};
		BDCCCDD22BBD971F009EDAE2 /* Products */ = {
			isa = PBXGroup;
			children = (
				BDCCCDD12BBD971F009EDAE2 /* Survey App.app */,
				BDCCCDE12BBD9720009EDAE2 /* Survey AppTests.xctest */,
				BDCCCDEB2BBD9720009EDAE2 /* Survey AppUITests.xctest */,
			);
			name = Products;
			sourceTree = "<group>";
		};
		BDCCCDD32BBD971F009EDAE2 /* Survey App */ = {
			isa = PBXGroup;
			children = (
				BDCCCDD42BBD971F009EDAE2 /* Survey_AppApp.swift */,
				BDCCCDD62BBD971F009EDAE2 /* ContentView.swift */,
				BD9048F32BC0140A005C30BD /* SurveyViewModel.swift */,
				BD9048F52BC0146B005C30BD /* Question.swift */,
				BDCCCDD82BBD9720009EDAE2 /* Assets.xcassets */,
				BDCCCDDA2BBD9720009EDAE2 /* Preview Content */,
			);
			path = "Survey App";
			sourceTree = "<group>";
		};
		BDCCCDDA2BBD9720009EDAE2 /* Preview Content */ = {
			isa = PBXGroup;
			children = (
				BDCCCDDB2BBD9720009EDAE2 /* Preview Assets.xcassets */,
			);
			path = "Preview Content";
			sourceTree = "<group>";
		};
		BDCCCDE42BBD9720009EDAE2 /* Survey AppTests */ = {
			isa = PBXGroup;
			children = (
				BDCCCDE52BBD9720009EDAE2 /* Survey_AppTests.swift */,
			);
			path = "Survey AppTests";
			sourceTree = "<group>";
		};
		BDCCCDEE2BBD9720009EDAE2 /* Survey AppUITests */ = {
			isa = PBXGroup;
			children = (
				BDCCCDEF2BBD9720009EDAE2 /* Survey_AppUITests.swift */,
				BDCCCDF12BBD9720009EDAE2 /* Survey_AppUITestsLaunchTests.swift */,
			);
			path = "Survey AppUITests";
			sourceTree = "<group>";
		};
/* End PBXGroup section */

/* Begin PBXNativeTarget section */
		BDCCCDD02BBD971F009EDAE2 /* Survey App */ = {
			isa = PBXNativeTarget;
			buildConfigurationList = BDCCCDF52BBD9720009EDAE2 /* Build configuration list for PBXNativeTarget "Survey App" */;
			buildPhases = (
				BDCCCDCD2BBD971F009EDAE2 /* Sources */,
				BDCCCDCE2BBD971F009EDAE2 /* Frameworks */,
				BDCCCDCF2BBD971F009EDAE2 /* Resources */,
			);
			buildRules = (
			);
			dependencies = (
			);
			name = "Survey App";
			packageProductDependencies = (
				BD9048F82BC59736005C30BD /* SimpleToast */,
			);
			productName = "Survey App";
			productReference = BDCCCDD12BBD971F009EDAE2 /* Survey App.app */;
			productType = "com.apple.product-type.application";
		};
		BDCCCDE02BBD9720009EDAE2 /* Survey AppTests */ = {
			isa = PBXNativeTarget;
			buildConfigurationList = BDCCCDF82BBD9720009EDAE2 /* Build configuration list for PBXNativeTarget "Survey AppTests" */;
			buildPhases = (
				BDCCCDDD2BBD9720009EDAE2 /* Sources */,
				BDCCCDDE2BBD9720009EDAE2 /* Frameworks */,
				BDCCCDDF2BBD9720009EDAE2 /* Resources */,
			);
			buildRules = (
			);
			dependencies = (
				BDCCCDE32BBD9720009EDAE2 /* PBXTargetDependency */,
			);
			name = "Survey AppTests";
			productName = "Survey AppTests";
			productReference = BDCCCDE12BBD9720009EDAE2 /* Survey AppTests.xctest */;
			productType = "com.apple.product-type.bundle.unit-test";
		};
		BDCCCDEA2BBD9720009EDAE2 /* Survey AppUITests */ = {
			isa = PBXNativeTarget;
			buildConfigurationList = BDCCCDFB2BBD9720009EDAE2 /* Build configuration list for PBXNativeTarget "Survey AppUITests" */;
			buildPhases = (
				BDCCCDE72BBD9720009EDAE2 /* Sources */,
				BDCCCDE82BBD9720009EDAE2 /* Frameworks */,
				BDCCCDE92BBD9720009EDAE2 /* Resources */,
			);
			buildRules = (
			);
			dependencies = (
				BDCCCDED2BBD9720009EDAE2 /* PBXTargetDependency */,
			);
			name = "Survey AppUITests";
			productName = "Survey AppUITests";
			productReference = BDCCCDEB2BBD9720009EDAE2 /* Survey AppUITests.xctest */;
			productType = "com.apple.product-type.bundle.ui-testing";
		};
/* End PBXNativeTarget section */

/* Begin PBXProject section */
		BDCCCDC92BBD971F009EDAE2 /* Project object */ = {
			isa = PBXProject;
			attributes = {
				BuildIndependentTargetsInParallel = 1;
				LastSwiftUpdateCheck = 1400;
				LastUpgradeCheck = 1400;
				TargetAttributes = {
					BDCCCDD02BBD971F009EDAE2 = {
						CreatedOnToolsVersion = 14.0.1;
					};
					BDCCCDE02BBD9720009EDAE2 = {
						CreatedOnToolsVersion = 14.0.1;
						TestTargetID = BDCCCDD02BBD971F009EDAE2;
					};
					BDCCCDEA2BBD9720009EDAE2 = {
						CreatedOnToolsVersion = 14.0.1;
						TestTargetID = BDCCCDD02BBD971F009EDAE2;
					};
				};
			};
			buildConfigurationList = BDCCCDCC2BBD971F009EDAE2 /* Build configuration list for PBXProject "Survey App" */;
			compatibilityVersion = "Xcode 14.0";
			developmentRegion = en;
			hasScannedForEncodings = 0;
			knownRegions = (
				en,
				Base,
			);
			mainGroup = BDCCCDC82BBD971F009EDAE2;
			packageReferences = (
				BD9048F72BC59736005C30BD /* XCRemoteSwiftPackageReference "SimpleToast" */,
			);
			productRefGroup = BDCCCDD22BBD971F009EDAE2 /* Products */;
			projectDirPath = "";
			projectRoot = "";
			targets = (
				BDCCCDD02BBD971F009EDAE2 /* Survey App */,
				BDCCCDE02BBD9720009EDAE2 /* Survey AppTests */,
				BDCCCDEA2BBD9720009EDAE2 /* Survey AppUITests */,
			);
		};
/* End PBXProject section */

/* Begin PBXResourcesBuildPhase section */
		BDCCCDCF2BBD971F009EDAE2 /* Resources */ = {
			isa = PBXResourcesBuildPhase;
			buildActionMask = 2147483647;
			files = (
				BDCCCDDC2BBD9720009EDAE2 /* Preview Assets.xcassets in Resources */,
				BDCCCDD92BBD9720009EDAE2 /* Assets.xcassets in Resources */,
			);
			runOnlyForDeploymentPostprocessing = 0;
		};
		BDCCCDDF2BBD9720009EDAE2 /* Resources */ = {
			isa = PBXResourcesBuildPhase;
			buildActionMask = 2147483647;
			files = (
			);
			runOnlyForDeploymentPostprocessing = 0;
		};
		BDCCCDE92BBD9720009EDAE2 /* Resources */ = {
			isa = PBXResourcesBuildPhase;
			buildActionMask = 2147483647;
			files = (
			);
			runOnlyForDeploymentPostprocessing = 0;
		};
/* End PBXResourcesBuildPhase section */

/* Begin PBXSourcesBuildPhase section */
		BDCCCDCD2BBD971F009EDAE2 /* Sources */ = {
			isa = PBXSourcesBuildPhase;
			buildActionMask = 2147483647;
			files = (
				BD9048F42BC0140A005C30BD /* SurveyViewModel.swift in Sources */,
				BD9048F62BC0146B005C30BD /* Question.swift in Sources */,
				BDCCCDD72BBD971F009EDAE2 /* ContentView.swift in Sources */,
				BDCCCDD52BBD971F009EDAE2 /* Survey_AppApp.swift in Sources */,
			);
			runOnlyForDeploymentPostprocessing = 0;
		};
		BDCCCDDD2BBD9720009EDAE2 /* Sources */ = {
			isa = PBXSourcesBuildPhase;
			buildActionMask = 2147483647;
			files = (
				BDCCCDE62BBD9720009EDAE2 /* Survey_AppTests.swift in Sources */,
			);
			runOnlyForDeploymentPostprocessing = 0;
		};
		BDCCCDE72BBD9720009EDAE2 /* Sources */ = {
			isa = PBXSourcesBuildPhase;
			buildActionMask = 2147483647;
			files = (
				BDCCCDF22BBD9720009EDAE2 /* Survey_AppUITestsLaunchTests.swift in Sources */,
				BDCCCDF02BBD9720009EDAE2 /* Survey_AppUITests.swift in Sources */,
			);
			runOnlyForDeploymentPostprocessing = 0;
		};
/* End PBXSourcesBuildPhase section */

/* Begin PBXTargetDependency section */
		BDCCCDE32BBD9720009EDAE2 /* PBXTargetDependency */ = {
			isa = PBXTargetDependency;
			target = BDCCCDD02BBD971F009EDAE2 /* Survey App */;
			targetProxy = BDCCCDE22BBD9720009EDAE2 /* PBXContainerItemProxy */;
		};
		BDCCCDED2BBD9720009EDAE2 /* PBXTargetDependency */ = {
			isa = PBXTargetDependency;
			target = BDCCCDD02BBD971F009EDAE2 /* Survey App */;
			targetProxy = BDCCCDEC2BBD9720009EDAE2 /* PBXContainerItemProxy */;
		};
/* End PBXTargetDependency section */

/* Begin XCBuildConfiguration section */
		BDCCCDF32BBD9720009EDAE2 /* Debug */ = {
			isa = XCBuildConfiguration;
			buildSettings = {
				ALWAYS_SEARCH_USER_PATHS = NO;
				CLANG_ANALYZER_NONNULL = YES;
				CLANG_ANALYZER_NUMBER_OBJECT_CONVERSION = YES_AGGRESSIVE;
				CLANG_CXX_LANGUAGE_STANDARD = "gnu++20";
				CLANG_ENABLE_MODULES = YES;
				CLANG_ENABLE_OBJC_ARC = YES;
				CLANG_ENABLE_OBJC_WEAK = YES;
				CLANG_WARN_BLOCK_CAPTURE_AUTORELEASING = YES;
				CLANG_WARN_BOOL_CONVERSION = YES;
				CLANG_WARN_COMMA = YES;
				CLANG_WARN_CONSTANT_CONVERSION = YES;
				CLANG_WARN_DEPRECATED_OBJC_IMPLEMENTATIONS = YES;
				CLANG_WARN_DIRECT_OBJC_ISA_USAGE = YES_ERROR;
				CLANG_WARN_DOCUMENTATION_COMMENTS = YES;
				CLANG_WARN_EMPTY_BODY = YES;
				CLANG_WARN_ENUM_CONVERSION = YES;
				CLANG_WARN_INFINITE_RECURSION = YES;
				CLANG_WARN_INT_CONVERSION = YES;
				CLANG_WARN_NON_LITERAL_NULL_CONVERSION = YES;
				CLANG_WARN_OBJC_IMPLICIT_RETAIN_SELF = YES;
				CLANG_WARN_OBJC_LITERAL_CONVERSION = YES;
				CLANG_WARN_OBJC_ROOT_CLASS = YES_ERROR;
				CLANG_WARN_QUOTED_INCLUDE_IN_FRAMEWORK_HEADER = YES;
				CLANG_WARN_RANGE_LOOP_ANALYSIS = YES;
				CLANG_WARN_STRICT_PROTOTYPES = YES;
				CLANG_WARN_SUSPICIOUS_MOVE = YES;
				CLANG_WARN_UNGUARDED_AVAILABILITY = YES_AGGRESSIVE;
				CLANG_WARN_UNREACHABLE_CODE = YES;
				CLANG_WARN__DUPLICATE_METHOD_MATCH = YES;
				COPY_PHASE_STRIP = NO;
				DEBUG_INFORMATION_FORMAT = dwarf;
				ENABLE_STRICT_OBJC_MSGSEND = YES;
				ENABLE_TESTABILITY = YES;
				GCC_C_LANGUAGE_STANDARD = gnu11;
				GCC_DYNAMIC_NO_PIC = NO;
				GCC_NO_COMMON_BLOCKS = YES;
				GCC_OPTIMIZATION_LEVEL = 0;
				GCC_PREPROCESSOR_DEFINITIONS = (
					"DEBUG=1",
					"$(inherited)",
				);
				GCC_WARN_64_TO_32_BIT_CONVERSION = YES;
				GCC_WARN_ABOUT_RETURN_TYPE = YES_ERROR;
				GCC_WARN_UNDECLARED_SELECTOR = YES;
				GCC_WARN_UNINITIALIZED_AUTOS = YES_AGGRESSIVE;
				GCC_WARN_UNUSED_FUNCTION = YES;
				GCC_WARN_UNUSED_VARIABLE = YES;
				IPHONEOS_DEPLOYMENT_TARGET = 16.0;
				MTL_ENABLE_DEBUG_INFO = INCLUDE_SOURCE;
				MTL_FAST_MATH = YES;
				ONLY_ACTIVE_ARCH = YES;
				SDKROOT = iphoneos;
				SWIFT_ACTIVE_COMPILATION_CONDITIONS = DEBUG;
				SWIFT_OPTIMIZATION_LEVEL = "-Onone";
			};
			name = Debug;
		};
		BDCCCDF42BBD9720009EDAE2 /* Release */ = {
			isa = XCBuildConfiguration;
			buildSettings = {
				ALWAYS_SEARCH_USER_PATHS = NO;
				CLANG_ANALYZER_NONNULL = YES;
				CLANG_ANALYZER_NUMBER_OBJECT_CONVERSION = YES_AGGRESSIVE;
				CLANG_CXX_LANGUAGE_STANDARD = "gnu++20";
				CLANG_ENABLE_MODULES = YES;
				CLANG_ENABLE_OBJC_ARC = YES;
				CLANG_ENABLE_OBJC_WEAK = YES;
				CLANG_WARN_BLOCK_CAPTURE_AUTORELEASING = YES;
				CLANG_WARN_BOOL_CONVERSION = YES;
				CLANG_WARN_COMMA = YES;
				CLANG_WARN_CONSTANT_CONVERSION = YES;
				CLANG_WARN_DEPRECATED_OBJC_IMPLEMENTATIONS = YES;
				CLANG_WARN_DIRECT_OBJC_ISA_USAGE = YES_ERROR;
				CLANG_WARN_DOCUMENTATION_COMMENTS = YES;
				CLANG_WARN_EMPTY_BODY = YES;
				CLANG_WARN_ENUM_CONVERSION = YES;
				CLANG_WARN_INFINITE_RECURSION = YES;
				CLANG_WARN_INT_CONVERSION = YES;
				CLANG_WARN_NON_LITERAL_NULL_CONVERSION = YES;
				CLANG_WARN_OBJC_IMPLICIT_RETAIN_SELF = YES;
				CLANG_WARN_OBJC_LITERAL_CONVERSION = YES;
				CLANG_WARN_OBJC_ROOT_CLASS = YES_ERROR;
				CLANG_WARN_QUOTED_INCLUDE_IN_FRAMEWORK_HEADER = YES;
				CLANG_WARN_RANGE_LOOP_ANALYSIS = YES;
				CLANG_WARN_STRICT_PROTOTYPES = YES;
				CLANG_WARN_SUSPICIOUS_MOVE = YES;
				CLANG_WARN_UNGUARDED_AVAILABILITY = YES_AGGRESSIVE;
				CLANG_WARN_UNREACHABLE_CODE = YES;
				CLANG_WARN__DUPLICATE_METHOD_MATCH = YES;
				COPY_PHASE_STRIP = NO;
				DEBUG_INFORMATION_FORMAT = "dwarf-with-dsym";
				ENABLE_NS_ASSERTIONS = NO;
				ENABLE_STRICT_OBJC_MSGSEND = YES;
				GCC_C_LANGUAGE_STANDARD = gnu11;
				GCC_NO_COMMON_BLOCKS = YES;
				GCC_WARN_64_TO_32_BIT_CONVERSION = YES;
				GCC_WARN_ABOUT_RETURN_TYPE = YES_ERROR;
				GCC_WARN_UNDECLARED_SELECTOR = YES;
				GCC_WARN_UNINITIALIZED_AUTOS = YES_AGGRESSIVE;
				GCC_WARN_UNUSED_FUNCTION = YES;
				GCC_WARN_UNUSED_VARIABLE = YES;
				IPHONEOS_DEPLOYMENT_TARGET = 16.0;
				MTL_ENABLE_DEBUG_INFO = NO;
				MTL_FAST_MATH = YES;
				SDKROOT = iphoneos;
				SWIFT_COMPILATION_MODE = wholemodule;
				SWIFT_OPTIMIZATION_LEVEL = "-O";
				VALIDATE_PRODUCT = YES;
			};
			name = Release;
		};
		BDCCCDF62BBD9720009EDAE2 /* Debug */ = {
			isa = XCBuildConfiguration;
			buildSettings = {
				ASSETCATALOG_COMPILER_APPICON_NAME = AppIcon;
				ASSETCATALOG_COMPILER_GLOBAL_ACCENT_COLOR_NAME = AccentColor;
				CODE_SIGN_STYLE = Automatic;
				CURRENT_PROJECT_VERSION = 1;
				DEVELOPMENT_ASSET_PATHS = "\"Survey App/Preview Content\"";
				DEVELOPMENT_TEAM = TMMSW6CHS6;
				ENABLE_PREVIEWS = YES;
				GENERATE_INFOPLIST_FILE = YES;
				INFOPLIST_KEY_UIApplicationSceneManifest_Generation = YES;
				INFOPLIST_KEY_UIApplicationSupportsIndirectInputEvents = YES;
				INFOPLIST_KEY_UILaunchScreen_Generation = YES;
				INFOPLIST_KEY_UISupportedInterfaceOrientations_iPad = "UIInterfaceOrientationPortrait UIInterfaceOrientationPortraitUpsideDown UIInterfaceOrientationLandscapeLeft UIInterfaceOrientationLandscapeRight";
				INFOPLIST_KEY_UISupportedInterfaceOrientations_iPhone = "UIInterfaceOrientationPortrait UIInterfaceOrientationLandscapeLeft UIInterfaceOrientationLandscapeRight";
				LD_RUNPATH_SEARCH_PATHS = (
					"$(inherited)",
					"@executable_path/Frameworks",
				);
				MARKETING_VERSION = 1.0;
				PRODUCT_BUNDLE_IDENTIFIER = "kgouzinis.Survey-App";
				PRODUCT_NAME = "$(TARGET_NAME)";
				SWIFT_EMIT_LOC_STRINGS = YES;
				SWIFT_VERSION = 5.0;
				TARGETED_DEVICE_FAMILY = "1,2";
			};
			name = Debug;
		};
		BDCCCDF72BBD9720009EDAE2 /* Release */ = {
			isa = XCBuildConfiguration;
			buildSettings = {
				ASSETCATALOG_COMPILER_APPICON_NAME = AppIcon;
				ASSETCATALOG_COMPILER_GLOBAL_ACCENT_COLOR_NAME = AccentColor;
				CODE_SIGN_STYLE = Automatic;
				CURRENT_PROJECT_VERSION = 1;
				DEVELOPMENT_ASSET_PATHS = "\"Survey App/Preview Content\"";
				DEVELOPMENT_TEAM = TMMSW6CHS6;
				ENABLE_PREVIEWS = YES;
				GENERATE_INFOPLIST_FILE = YES;
				INFOPLIST_KEY_UIApplicationSceneManifest_Generation = YES;
				INFOPLIST_KEY_UIApplicationSupportsIndirectInputEvents = YES;
				INFOPLIST_KEY_UILaunchScreen_Generation = YES;
				INFOPLIST_KEY_UISupportedInterfaceOrientations_iPad = "UIInterfaceOrientationPortrait UIInterfaceOrientationPortraitUpsideDown UIInterfaceOrientationLandscapeLeft UIInterfaceOrientationLandscapeRight";
				INFOPLIST_KEY_UISupportedInterfaceOrientations_iPhone = "UIInterfaceOrientationPortrait UIInterfaceOrientationLandscapeLeft UIInterfaceOrientationLandscapeRight";
				LD_RUNPATH_SEARCH_PATHS = (
					"$(inherited)",
					"@executable_path/Frameworks",
				);
				MARKETING_VERSION = 1.0;
				PRODUCT_BUNDLE_IDENTIFIER = "kgouzinis.Survey-App";
				PRODUCT_NAME = "$(TARGET_NAME)";
				SWIFT_EMIT_LOC_STRINGS = YES;
				SWIFT_VERSION = 5.0;
				TARGETED_DEVICE_FAMILY = "1,2";
			};
			name = Release;
		};
		BDCCCDF92BBD9720009EDAE2 /* Debug */ = {
			isa = XCBuildConfiguration;
			buildSettings = {
				ALWAYS_EMBED_SWIFT_STANDARD_LIBRARIES = YES;
				BUNDLE_LOADER = "$(TEST_HOST)";
				CODE_SIGN_STYLE = Automatic;
				CURRENT_PROJECT_VERSION = 1;
				DEVELOPMENT_TEAM = TMMSW6CHS6;
				GENERATE_INFOPLIST_FILE = YES;
				IPHONEOS_DEPLOYMENT_TARGET = 16.0;
				MARKETING_VERSION = 1.0;
				PRODUCT_BUNDLE_IDENTIFIER = "kgouzinis.Survey-AppTests";
				PRODUCT_NAME = "$(TARGET_NAME)";
				SWIFT_EMIT_LOC_STRINGS = NO;
				SWIFT_VERSION = 5.0;
				TARGETED_DEVICE_FAMILY = "1,2";
				TEST_HOST = "$(BUILT_PRODUCTS_DIR)/Survey App.app/$(BUNDLE_EXECUTABLE_FOLDER_PATH)/Survey App";
			};
			name = Debug;
		};
		BDCCCDFA2BBD9720009EDAE2 /* Release */ = {
			isa = XCBuildConfiguration;
			buildSettings = {
				ALWAYS_EMBED_SWIFT_STANDARD_LIBRARIES = YES;
				BUNDLE_LOADER = "$(TEST_HOST)";
				CODE_SIGN_STYLE = Automatic;
				CURRENT_PROJECT_VERSION = 1;
				DEVELOPMENT_TEAM = TMMSW6CHS6;
				GENERATE_INFOPLIST_FILE = YES;
				IPHONEOS_DEPLOYMENT_TARGET = 16.0;
				MARKETING_VERSION = 1.0;
				PRODUCT_BUNDLE_IDENTIFIER = "kgouzinis.Survey-AppTests";
				PRODUCT_NAME = "$(TARGET_NAME)";
				SWIFT_EMIT_LOC_STRINGS = NO;
				SWIFT_VERSION = 5.0;
				TARGETED_DEVICE_FAMILY = "1,2";
				TEST_HOST = "$(BUILT_PRODUCTS_DIR)/Survey App.app/$(BUNDLE_EXECUTABLE_FOLDER_PATH)/Survey App";
			};
			name = Release;
		};
		BDCCCDFC2BBD9720009EDAE2 /* Debug */ = {
			isa = XCBuildConfiguration;
			buildSettings = {
				ALWAYS_EMBED_SWIFT_STANDARD_LIBRARIES = YES;
				CODE_SIGN_STYLE = Automatic;
				CURRENT_PROJECT_VERSION = 1;
				DEVELOPMENT_TEAM = TMMSW6CHS6;
				GENERATE_INFOPLIST_FILE = YES;
				MARKETING_VERSION = 1.0;
				PRODUCT_BUNDLE_IDENTIFIER = "kgouzinis.Survey-AppUITests";
				PRODUCT_NAME = "$(TARGET_NAME)";
				SWIFT_EMIT_LOC_STRINGS = NO;
				SWIFT_VERSION = 5.0;
				TARGETED_DEVICE_FAMILY = "1,2";
				TEST_TARGET_NAME = "Survey App";
			};
			name = Debug;
		};
		BDCCCDFD2BBD9720009EDAE2 /* Release */ = {
			isa = XCBuildConfiguration;
			buildSettings = {
				ALWAYS_EMBED_SWIFT_STANDARD_LIBRARIES = YES;
				CODE_SIGN_STYLE = Automatic;
				CURRENT_PROJECT_VERSION = 1;
				DEVELOPMENT_TEAM = TMMSW6CHS6;
				GENERATE_INFOPLIST_FILE = YES;
				MARKETING_VERSION = 1.0;
				PRODUCT_BUNDLE_IDENTIFIER = "kgouzinis.Survey-AppUITests";
				PRODUCT_NAME = "$(TARGET_NAME)";
				SWIFT_EMIT_LOC_STRINGS = NO;
				SWIFT_VERSION = 5.0;
				TARGETED_DEVICE_FAMILY = "1,2";
				TEST_TARGET_NAME = "Survey App";
			};
			name = Release;
		};
/* End XCBuildConfiguration section */

/* Begin XCConfigurationList section */
		BDCCCDCC2BBD971F009EDAE2 /* Build configuration list for PBXProject "Survey App" */ = {
			isa = XCConfigurationList;
			buildConfigurations = (
				BDCCCDF32BBD9720009EDAE2 /* Debug */,
				BDCCCDF42BBD9720009EDAE2 /* Release */,
			);
			defaultConfigurationIsVisible = 0;
			defaultConfigurationName = Release;
		};
		BDCCCDF52BBD9720009EDAE2 /* Build configuration list for PBXNativeTarget "Survey App" */ = {
			isa = XCConfigurationList;
			buildConfigurations = (
				BDCCCDF62BBD9720009EDAE2 /* Debug */,
				BDCCCDF72BBD9720009EDAE2 /* Release */,
			);
			defaultConfigurationIsVisible = 0;
			defaultConfigurationName = Release;
		};
		BDCCCDF82BBD9720009EDAE2 /* Build configuration list for PBXNativeTarget "Survey AppTests" */ = {
			isa = XCConfigurationList;
			buildConfigurations = (
				BDCCCDF92BBD9720009EDAE2 /* Debug */,
				BDCCCDFA2BBD9720009EDAE2 /* Release */,
			);
			defaultConfigurationIsVisible = 0;
			defaultConfigurationName = Release;
		};
		BDCCCDFB2BBD9720009EDAE2 /* Build configuration list for PBXNativeTarget "Survey AppUITests" */ = {
			isa = XCConfigurationList;
			buildConfigurations = (
				BDCCCDFC2BBD9720009EDAE2 /* Debug */,
				BDCCCDFD2BBD9720009EDAE2 /* Release */,
			);
			defaultConfigurationIsVisible = 0;
			defaultConfigurationName = Release;
		};
/* End XCConfigurationList section */

/* Begin XCRemoteSwiftPackageReference section */
		BD9048F72BC59736005C30BD /* XCRemoteSwiftPackageReference "SimpleToast" */ = {
			isa = XCRemoteSwiftPackageReference;
			repositoryURL = "https://github.com/sanzaru/SimpleToast";
			requirement = {
				kind = upToNextMajorVersion;
				minimumVersion = 0.8.1;
			};
		};
/* End XCRemoteSwiftPackageReference section */

/* Begin XCSwiftPackageProductDependency section */
		BD9048F82BC59736005C30BD /* SimpleToast */ = {
			isa = XCSwiftPackageProductDependency;
			package = BD9048F72BC59736005C30BD /* XCRemoteSwiftPackageReference "SimpleToast" */;
			productName = SimpleToast;
		};
/* End XCSwiftPackageProductDependency section */
	};
	rootObject = BDCCCDC92BBD971F009EDAE2 /* Project object */;
}
